// !$*UTF8*$!
{
	archiveVersion = 1;
	classes = {
	};
	objectVersion = 46;
	objects = {

/* Begin PBXBuildFile section */
		712081A01ADF1C5100D854E4 /* ServiceAgent.swift in Sources */ = {isa = PBXBuildFile; fileRef = 7120819F1ADF1C5100D854E4 /* ServiceAgent.swift */; };
		712081A21ADF1C6A00D854E4 /* DataProvider.swift in Sources */ = {isa = PBXBuildFile; fileRef = 712081A11ADF1C6A00D854E4 /* DataProvider.swift */; };
		712081A41ADF1DCC00D854E4 /* AAPLServiceAgent.swift in Sources */ = {isa = PBXBuildFile; fileRef = 712081A31ADF1DCC00D854E4 /* AAPLServiceAgent.swift */; };
		712081AD1ADF355A00D854E4 /* String+URLEscape.swift in Sources */ = {isa = PBXBuildFile; fileRef = 712081AC1ADF355A00D854E4 /* String+URLEscape.swift */; };
		712081AF1ADF359300D854E4 /* Dictionary+HTTPParameters.swift in Sources */ = {isa = PBXBuildFile; fileRef = 712081AE1ADF359300D854E4 /* Dictionary+HTTPParameters.swift */; };
		712081BF1ADF3F0B00D854E4 /* SwiftyJSON.framework in Frameworks */ = {isa = PBXBuildFile; fileRef = 712081BE1ADF3F0B00D854E4 /* SwiftyJSON.framework */; };
		712081C11ADF413000D854E4 /* ObjectMapper.framework in Frameworks */ = {isa = PBXBuildFile; fileRef = 712081C01ADF413000D854E4 /* ObjectMapper.framework */; };
		712081C71ADF41B200D854E4 /* Stock.swift in Sources */ = {isa = PBXBuildFile; fileRef = 712081C61ADF41B200D854E4 /* Stock.swift */; };
		71E86FAD1ADF13A900BD0E47 /* AAPLPriceKit.h in Headers */ = {isa = PBXBuildFile; fileRef = 71E86FAC1ADF13A900BD0E47 /* AAPLPriceKit.h */; settings = {ATTRIBUTES = (Public, ); }; };
		71E86FB31ADF13A900BD0E47 /* AAPLPriceKit.framework in Frameworks */ = {isa = PBXBuildFile; fileRef = 71E86FA71ADF13A900BD0E47 /* AAPLPriceKit.framework */; };
		71E86FBA1ADF13A900BD0E47 /* AAPLPriceKitTests.swift in Sources */ = {isa = PBXBuildFile; fileRef = 71E86FB91ADF13A900BD0E47 /* AAPLPriceKitTests.swift */; };
		71E86FCD1ADF13BF00BD0E47 /* AAPLStock.swift in Sources */ = {isa = PBXBuildFile; fileRef = 71E86FCC1ADF13BF00BD0E47 /* AAPLStock.swift */; };
/* End PBXBuildFile section */

/* Begin PBXContainerItemProxy section */
		71E86FB41ADF13A900BD0E47 /* PBXContainerItemProxy */ = {
			isa = PBXContainerItemProxy;
			containerPortal = 71E86F9E1ADF13A800BD0E47 /* Project object */;
			proxyType = 1;
			remoteGlobalIDString = 71E86FA61ADF13A900BD0E47;
			remoteInfo = AAPLPriceKit;
		};
/* End PBXContainerItemProxy section */

/* Begin PBXFileReference section */
		7120819F1ADF1C5100D854E4 /* ServiceAgent.swift */ = {isa = PBXFileReference; fileEncoding = 4; lastKnownFileType = sourcecode.swift; path = ServiceAgent.swift; sourceTree = "<group>"; };
		712081A11ADF1C6A00D854E4 /* DataProvider.swift */ = {isa = PBXFileReference; fileEncoding = 4; lastKnownFileType = sourcecode.swift; path = DataProvider.swift; sourceTree = "<group>"; };
		712081A31ADF1DCC00D854E4 /* AAPLServiceAgent.swift */ = {isa = PBXFileReference; fileEncoding = 4; lastKnownFileType = sourcecode.swift; path = AAPLServiceAgent.swift; sourceTree = "<group>"; };
		712081AC1ADF355A00D854E4 /* String+URLEscape.swift */ = {isa = PBXFileReference; fileEncoding = 4; lastKnownFileType = sourcecode.swift; path = "String+URLEscape.swift"; sourceTree = "<group>"; };
		712081AE1ADF359300D854E4 /* Dictionary+HTTPParameters.swift */ = {isa = PBXFileReference; fileEncoding = 4; lastKnownFileType = sourcecode.swift; path = "Dictionary+HTTPParameters.swift"; sourceTree = "<group>"; };
		712081BE1ADF3F0B00D854E4 /* SwiftyJSON.framework */ = {isa = PBXFileReference; lastKnownFileType = wrapper.framework; name = SwiftyJSON.framework; path = "../../../Library/Developer/Xcode/DerivedData/WatchIt-gbbyefeiqgawqwciwntvxqlthdxo/Build/Products/Debug-iphoneos/SwiftyJSON.framework"; sourceTree = "<group>"; };
		712081C01ADF413000D854E4 /* ObjectMapper.framework */ = {isa = PBXFileReference; lastKnownFileType = wrapper.framework; name = ObjectMapper.framework; path = "../../../Library/Developer/Xcode/DerivedData/WatchIt-gbbyefeiqgawqwciwntvxqlthdxo/Build/Products/Debug-iphoneos/ObjectMapper.framework"; sourceTree = "<group>"; };
		712081C61ADF41B200D854E4 /* Stock.swift */ = {isa = PBXFileReference; fileEncoding = 4; lastKnownFileType = sourcecode.swift; path = Stock.swift; sourceTree = "<group>"; };
		71E86FA71ADF13A900BD0E47 /* AAPLPriceKit.framework */ = {isa = PBXFileReference; explicitFileType = wrapper.framework; includeInIndex = 0; path = AAPLPriceKit.framework; sourceTree = BUILT_PRODUCTS_DIR; };
		71E86FAB1ADF13A900BD0E47 /* Info.plist */ = {isa = PBXFileReference; lastKnownFileType = text.plist.xml; path = Info.plist; sourceTree = "<group>"; };
		71E86FAC1ADF13A900BD0E47 /* AAPLPriceKit.h */ = {isa = PBXFileReference; lastKnownFileType = sourcecode.c.h; path = AAPLPriceKit.h; sourceTree = "<group>"; };
		71E86FB21ADF13A900BD0E47 /* AAPLPriceKitTests.xctest */ = {isa = PBXFileReference; explicitFileType = wrapper.cfbundle; includeInIndex = 0; path = AAPLPriceKitTests.xctest; sourceTree = BUILT_PRODUCTS_DIR; };
		71E86FB81ADF13A900BD0E47 /* Info.plist */ = {isa = PBXFileReference; lastKnownFileType = text.plist.xml; path = Info.plist; sourceTree = "<group>"; };
		71E86FB91ADF13A900BD0E47 /* AAPLPriceKitTests.swift */ = {isa = PBXFileReference; lastKnownFileType = sourcecode.swift; path = AAPLPriceKitTests.swift; sourceTree = "<group>"; };
		71E86FCC1ADF13BF00BD0E47 /* AAPLStock.swift */ = {isa = PBXFileReference; fileEncoding = 4; lastKnownFileType = sourcecode.swift; path = AAPLStock.swift; sourceTree = "<group>"; };
/* End PBXFileReference section */

/* Begin PBXFrameworksBuildPhase section */
		71E86FA31ADF13A900BD0E47 /* Frameworks */ = {
			isa = PBXFrameworksBuildPhase;
			buildActionMask = 2147483647;
			files = (
				712081C11ADF413000D854E4 /* ObjectMapper.framework in Frameworks */,
				712081BF1ADF3F0B00D854E4 /* SwiftyJSON.framework in Frameworks */,
			);
			runOnlyForDeploymentPostprocessing = 0;
		};
		71E86FAF1ADF13A900BD0E47 /* Frameworks */ = {
			isa = PBXFrameworksBuildPhase;
			buildActionMask = 2147483647;
			files = (
				71E86FB31ADF13A900BD0E47 /* AAPLPriceKit.framework in Frameworks */,
			);
			runOnlyForDeploymentPostprocessing = 0;
		};
/* End PBXFrameworksBuildPhase section */

/* Begin PBXGroup section */
		712081C21ADF413C00D854E4 /* Frameworks */ = {
			isa = PBXGroup;
			children = (
				712081BE1ADF3F0B00D854E4 /* SwiftyJSON.framework */,
				712081C01ADF413000D854E4 /* ObjectMapper.framework */,
			);
			name = Frameworks;
			sourceTree = "<group>";
		};
		71E86F9D1ADF13A800BD0E47 = {
			isa = PBXGroup;
			children = (
				71E86FA91ADF13A900BD0E47 /* AAPLPriceKit */,
				71E86FB61ADF13A900BD0E47 /* AAPLPriceKitTests */,
				712081C21ADF413C00D854E4 /* Frameworks */,
				71E86FA81ADF13A900BD0E47 /* Products */,
			);
			sourceTree = "<group>";
		};
		71E86FA81ADF13A900BD0E47 /* Products */ = {
			isa = PBXGroup;
			children = (
				71E86FA71ADF13A900BD0E47 /* AAPLPriceKit.framework */,
				71E86FB21ADF13A900BD0E47 /* AAPLPriceKitTests.xctest */,
			);
			name = Products;
			sourceTree = "<group>";
		};
		71E86FA91ADF13A900BD0E47 /* AAPLPriceKit */ = {
			isa = PBXGroup;
			children = (
				71E86FAC1ADF13A900BD0E47 /* AAPLPriceKit.h */,
				71E86FCC1ADF13BF00BD0E47 /* AAPLStock.swift */,
				712081A11ADF1C6A00D854E4 /* DataProvider.swift */,
				712081C61ADF41B200D854E4 /* Stock.swift */,
				712081A31ADF1DCC00D854E4 /* AAPLServiceAgent.swift */,
				7120819F1ADF1C5100D854E4 /* ServiceAgent.swift */,
				712081AC1ADF355A00D854E4 /* String+URLEscape.swift */,
				712081AE1ADF359300D854E4 /* Dictionary+HTTPParameters.swift */,
				71E86FAA1ADF13A900BD0E47 /* Supporting Files */,
			);
			path = AAPLPriceKit;
			sourceTree = "<group>";
		};
		71E86FAA1ADF13A900BD0E47 /* Supporting Files */ = {
			isa = PBXGroup;
			children = (
				71E86FAB1ADF13A900BD0E47 /* Info.plist */,
			);
			name = "Supporting Files";
			sourceTree = "<group>";
		};
		71E86FB61ADF13A900BD0E47 /* AAPLPriceKitTests */ = {
			isa = PBXGroup;
			children = (
				71E86FB91ADF13A900BD0E47 /* AAPLPriceKitTests.swift */,
				71E86FB71ADF13A900BD0E47 /* Supporting Files */,
			);
			path = AAPLPriceKitTests;
			sourceTree = "<group>";
		};
		71E86FB71ADF13A900BD0E47 /* Supporting Files */ = {
			isa = PBXGroup;
			children = (
				71E86FB81ADF13A900BD0E47 /* Info.plist */,
			);
			name = "Supporting Files";
			sourceTree = "<group>";
		};
/* End PBXGroup section */

/* Begin PBXHeadersBuildPhase section */
		71E86FA41ADF13A900BD0E47 /* Headers */ = {
			isa = PBXHeadersBuildPhase;
			buildActionMask = 2147483647;
			files = (
				71E86FAD1ADF13A900BD0E47 /* AAPLPriceKit.h in Headers */,
			);
			runOnlyForDeploymentPostprocessing = 0;
		};
/* End PBXHeadersBuildPhase section */

/* Begin PBXNativeTarget section */
		71E86FA61ADF13A900BD0E47 /* AAPLPriceKit */ = {
			isa = PBXNativeTarget;
			buildConfigurationList = 71E86FBD1ADF13A900BD0E47 /* Build configuration list for PBXNativeTarget "AAPLPriceKit" */;
			buildPhases = (
				71E86FA21ADF13A900BD0E47 /* Sources */,
				71E86FA31ADF13A900BD0E47 /* Frameworks */,
				71E86FA41ADF13A900BD0E47 /* Headers */,
				71E86FA51ADF13A900BD0E47 /* Resources */,
			);
			buildRules = (
			);
			dependencies = (
			);
			name = AAPLPriceKit;
			productName = AAPLPriceKit;
			productReference = 71E86FA71ADF13A900BD0E47 /* AAPLPriceKit.framework */;
			productType = "com.apple.product-type.framework";
		};
		71E86FB11ADF13A900BD0E47 /* AAPLPriceKitTests */ = {
			isa = PBXNativeTarget;
			buildConfigurationList = 71E86FC01ADF13A900BD0E47 /* Build configuration list for PBXNativeTarget "AAPLPriceKitTests" */;
			buildPhases = (
				71E86FAE1ADF13A900BD0E47 /* Sources */,
				71E86FAF1ADF13A900BD0E47 /* Frameworks */,
				71E86FB01ADF13A900BD0E47 /* Resources */,
			);
			buildRules = (
			);
			dependencies = (
				71E86FB51ADF13A900BD0E47 /* PBXTargetDependency */,
			);
			name = AAPLPriceKitTests;
			productName = AAPLPriceKitTests;
			productReference = 71E86FB21ADF13A900BD0E47 /* AAPLPriceKitTests.xctest */;
			productType = "com.apple.product-type.bundle.unit-test";
		};
/* End PBXNativeTarget section */

/* Begin PBXProject section */
		71E86F9E1ADF13A800BD0E47 /* Project object */ = {
			isa = PBXProject;
			attributes = {
				LastUpgradeCheck = 0630;
				ORGANIZATIONNAME = "Orion Health";
				TargetAttributes = {
					71E86FA61ADF13A900BD0E47 = {
						CreatedOnToolsVersion = 6.3;
					};
					71E86FB11ADF13A900BD0E47 = {
						CreatedOnToolsVersion = 6.3;
					};
				};
			};
			buildConfigurationList = 71E86FA11ADF13A800BD0E47 /* Build configuration list for PBXProject "AAPLPriceKit" */;
			compatibilityVersion = "Xcode 3.2";
			developmentRegion = English;
			hasScannedForEncodings = 0;
			knownRegions = (
				en,
			);
			mainGroup = 71E86F9D1ADF13A800BD0E47;
			productRefGroup = 71E86FA81ADF13A900BD0E47 /* Products */;
			projectDirPath = "";
			projectRoot = "";
			targets = (
				71E86FA61ADF13A900BD0E47 /* AAPLPriceKit */,
				71E86FB11ADF13A900BD0E47 /* AAPLPriceKitTests */,
			);
		};
/* End PBXProject section */

/* Begin PBXResourcesBuildPhase section */
		71E86FA51ADF13A900BD0E47 /* Resources */ = {
			isa = PBXResourcesBuildPhase;
			buildActionMask = 2147483647;
			files = (
			);
			runOnlyForDeploymentPostprocessing = 0;
		};
		71E86FB01ADF13A900BD0E47 /* Resources */ = {
			isa = PBXResourcesBuildPhase;
			buildActionMask = 2147483647;
			files = (
			);
			runOnlyForDeploymentPostprocessing = 0;
		};
/* End PBXResourcesBuildPhase section */

/* Begin PBXSourcesBuildPhase section */
		71E86FA21ADF13A900BD0E47 /* Sources */ = {
			isa = PBXSourcesBuildPhase;
			buildActionMask = 2147483647;
			files = (
				712081A21ADF1C6A00D854E4 /* DataProvider.swift in Sources */,
				71E86FCD1ADF13BF00BD0E47 /* AAPLStock.swift in Sources */,
				712081AD1ADF355A00D854E4 /* String+URLEscape.swift in Sources */,
				712081C71ADF41B200D854E4 /* Stock.swift in Sources */,
				712081AF1ADF359300D854E4 /* Dictionary+HTTPParameters.swift in Sources */,
				712081A01ADF1C5100D854E4 /* ServiceAgent.swift in Sources */,
				712081A41ADF1DCC00D854E4 /* AAPLServiceAgent.swift in Sources */,
			);
			runOnlyForDeploymentPostprocessing = 0;
		};
		71E86FAE1ADF13A900BD0E47 /* Sources */ = {
			isa = PBXSourcesBuildPhase;
			buildActionMask = 2147483647;
			files = (
				71E86FBA1ADF13A900BD0E47 /* AAPLPriceKitTests.swift in Sources */,
			);
			runOnlyForDeploymentPostprocessing = 0;
		};
/* End PBXSourcesBuildPhase section */

/* Begin PBXTargetDependency section */
		71E86FB51ADF13A900BD0E47 /* PBXTargetDependency */ = {
			isa = PBXTargetDependency;
			target = 71E86FA61ADF13A900BD0E47 /* AAPLPriceKit */;
			targetProxy = 71E86FB41ADF13A900BD0E47 /* PBXContainerItemProxy */;
		};
/* End PBXTargetDependency section */

/* Begin XCBuildConfiguration section */
		71E86FBB1ADF13A900BD0E47 /* Debug */ = {
			isa = XCBuildConfiguration;
			buildSettings = {
				ALWAYS_SEARCH_USER_PATHS = NO;
				CLANG_CXX_LANGUAGE_STANDARD = "gnu++0x";
				CLANG_CXX_LIBRARY = "libc++";
				CLANG_ENABLE_MODULES = YES;
				CLANG_ENABLE_OBJC_ARC = YES;
				CLANG_WARN_BOOL_CONVERSION = YES;
				CLANG_WARN_CONSTANT_CONVERSION = YES;
				CLANG_WARN_DIRECT_OBJC_ISA_USAGE = YES_ERROR;
				CLANG_WARN_EMPTY_BODY = YES;
				CLANG_WARN_ENUM_CONVERSION = YES;
				CLANG_WARN_INT_CONVERSION = YES;
				CLANG_WARN_OBJC_ROOT_CLASS = YES_ERROR;
				CLANG_WARN_UNREACHABLE_CODE = YES;
				CLANG_WARN__DUPLICATE_METHOD_MATCH = YES;
				"CODE_SIGN_IDENTITY[sdk=iphoneos*]" = "iPhone Developer";
				COPY_PHASE_STRIP = NO;
				CURRENT_PROJECT_VERSION = 1;
				DEBUG_INFORMATION_FORMAT = dwarf;
				ENABLE_STRICT_OBJC_MSGSEND = YES;
				GCC_C_LANGUAGE_STANDARD = gnu99;
				GCC_DYNAMIC_NO_PIC = NO;
				GCC_NO_COMMON_BLOCKS = YES;
				GCC_OPTIMIZATION_LEVEL = 0;
				GCC_PREPROCESSOR_DEFINITIONS = (
					"DEBUG=1",
					"$(inherited)",
				);
				GCC_SYMBOLS_PRIVATE_EXTERN = NO;
				GCC_WARN_64_TO_32_BIT_CONVERSION = YES;
				GCC_WARN_ABOUT_RETURN_TYPE = YES_ERROR;
				GCC_WARN_UNDECLARED_SELECTOR = YES;
				GCC_WARN_UNINITIALIZED_AUTOS = YES_AGGRESSIVE;
				GCC_WARN_UNUSED_FUNCTION = YES;
				GCC_WARN_UNUSED_VARIABLE = YES;
				IPHONEOS_DEPLOYMENT_TARGET = 8.3;
				MTL_ENABLE_DEBUG_INFO = YES;
				ONLY_ACTIVE_ARCH = YES;
				SDKROOT = iphoneos;
				SWIFT_OPTIMIZATION_LEVEL = "-Onone";
				TARGETED_DEVICE_FAMILY = "1,2";
				VERSIONING_SYSTEM = "apple-generic";
				VERSION_INFO_PREFIX = "";
			};
			name = Debug;
		};
		71E86FBC1ADF13A900BD0E47 /* Release */ = {
			isa = XCBuildConfiguration;
			buildSettings = {
				ALWAYS_SEARCH_USER_PATHS = NO;
				CLANG_CXX_LANGUAGE_STANDARD = "gnu++0x";
				CLANG_CXX_LIBRARY = "libc++";
				CLANG_ENABLE_MODULES = YES;
				CLANG_ENABLE_OBJC_ARC = YES;
				CLANG_WARN_BOOL_CONVERSION = YES;
				CLANG_WARN_CONSTANT_CONVERSION = YES;
				CLANG_WARN_DIRECT_OBJC_ISA_USAGE = YES_ERROR;
				CLANG_WARN_EMPTY_BODY = YES;
				CLANG_WARN_ENUM_CONVERSION = YES;
				CLANG_WARN_INT_CONVERSION = YES;
				CLANG_WARN_OBJC_ROOT_CLASS = YES_ERROR;
				CLANG_WARN_UNREACHABLE_CODE = YES;
				CLANG_WARN__DUPLICATE_METHOD_MATCH = YES;
				"CODE_SIGN_IDENTITY[sdk=iphoneos*]" = "iPhone Developer";
				COPY_PHASE_STRIP = NO;
				CURRENT_PROJECT_VERSION = 1;
				DEBUG_INFORMATION_FORMAT = "dwarf-with-dsym";
				ENABLE_NS_ASSERTIONS = NO;
				ENABLE_STRICT_OBJC_MSGSEND = YES;
				GCC_C_LANGUAGE_STANDARD = gnu99;
				GCC_NO_COMMON_BLOCKS = YES;
				GCC_WARN_64_TO_32_BIT_CONVERSION = YES;
				GCC_WARN_ABOUT_RETURN_TYPE = YES_ERROR;
				GCC_WARN_UNDECLARED_SELECTOR = YES;
				GCC_WARN_UNINITIALIZED_AUTOS = YES_AGGRESSIVE;
				GCC_WARN_UNUSED_FUNCTION = YES;
				GCC_WARN_UNUSED_VARIABLE = YES;
				IPHONEOS_DEPLOYMENT_TARGET = 8.3;
				MTL_ENABLE_DEBUG_INFO = NO;
				SDKROOT = iphoneos;
				TARGETED_DEVICE_FAMILY = "1,2";
				VALIDATE_PRODUCT = YES;
				VERSIONING_SYSTEM = "apple-generic";
				VERSION_INFO_PREFIX = "";
			};
			name = Release;
		};
		71E86FBE1ADF13A900BD0E47 /* Debug */ = {
			isa = XCBuildConfiguration;
			buildSettings = {
				APPLICATION_EXTENSION_API_ONLY = YES;
				CLANG_ENABLE_MODULES = YES;
				DEFINES_MODULE = YES;
				DYLIB_COMPATIBILITY_VERSION = 1;
				DYLIB_CURRENT_VERSION = 1;
				DYLIB_INSTALL_NAME_BASE = "@rpath";
				FRAMEWORK_SEARCH_PATHS = (
					"$(inherited)",
					"$(USER_LIBRARY_DIR)/Developer/Xcode/DerivedData/WatchIt-gbbyefeiqgawqwciwntvxqlthdxo/Build/Products/Debug-iphoneos",
				);
				INFOPLIST_FILE = AAPLPriceKit/Info.plist;
				INSTALL_PATH = "$(LOCAL_LIBRARY_DIR)/Frameworks";
				LD_RUNPATH_SEARCH_PATHS = "$(inherited) @executable_path/Frameworks @loader_path/Frameworks";
				PRODUCT_NAME = "$(TARGET_NAME)";
				SKIP_INSTALL = YES;
				SWIFT_OPTIMIZATION_LEVEL = "-Onone";
			};
			name = Debug;
		};
		71E86FBF1ADF13A900BD0E47 /* Release */ = {
			isa = XCBuildConfiguration;
			buildSettings = {
				APPLICATION_EXTENSION_API_ONLY = YES;
				CLANG_ENABLE_MODULES = YES;
				DEFINES_MODULE = YES;
				DYLIB_COMPATIBILITY_VERSION = 1;
				DYLIB_CURRENT_VERSION = 1;
				DYLIB_INSTALL_NAME_BASE = "@rpath";
				FRAMEWORK_SEARCH_PATHS = (
					"$(inherited)",
					"$(USER_LIBRARY_DIR)/Developer/Xcode/DerivedData/WatchIt-gbbyefeiqgawqwciwntvxqlthdxo/Build/Products/Debug-iphoneos",
				);
				INFOPLIST_FILE = AAPLPriceKit/Info.plist;
				INSTALL_PATH = "$(LOCAL_LIBRARY_DIR)/Frameworks";
				LD_RUNPATH_SEARCH_PATHS = "$(inherited) @executable_path/Frameworks @loader_path/Frameworks";
				PRODUCT_NAME = "$(TARGET_NAME)";
				SKIP_INSTALL = YES;
			};
			name = Release;
		};
		71E86FC11ADF13A900BD0E47 /* Debug */ = {
			isa = XCBuildConfiguration;
			buildSettings = {
				FRAMEWORK_SEARCH_PATHS = (
					"$(SDKROOT)/Developer/Library/Frameworks",
					"$(inherited)",
				);
				GCC_PREPROCESSOR_DEFINITIONS = (
					"DEBUG=1",
					"$(inherited)",
				);
				INFOPLIST_FILE = AAPLPriceKitTests/Info.plist;
				LD_RUNPATH_SEARCH_PATHS = "$(inherited) @executable_path/Frameworks @loader_path/Frameworks";
				PRODUCT_NAME = "$(TARGET_NAME)";
			};
			name = Debug;
		};
		71E86FC21ADF13A900BD0E47 /* Release */ = {
			isa = XCBuildConfiguration;
			buildSettings = {
				FRAMEWORK_SEARCH_PATHS = (
					"$(SDKROOT)/Developer/Library/Frameworks",
					"$(inherited)",
				);
				INFOPLIST_FILE = AAPLPriceKitTests/Info.plist;
				LD_RUNPATH_SEARCH_PATHS = "$(inherited) @executable_path/Frameworks @loader_path/Frameworks";
				PRODUCT_NAME = "$(TARGET_NAME)";
			};
			name = Release;
		};
/* End XCBuildConfiguration section */

/* Begin XCConfigurationList section */
		71E86FA11ADF13A800BD0E47 /* Build configuration list for PBXProject "AAPLPriceKit" */ = {
			isa = XCConfigurationList;
			buildConfigurations = (
				71E86FBB1ADF13A900BD0E47 /* Debug */,
				71E86FBC1ADF13A900BD0E47 /* Release */,
			);
			defaultConfigurationIsVisible = 0;
			defaultConfigurationName = Release;
		};
		71E86FBD1ADF13A900BD0E47 /* Build configuration list for PBXNativeTarget "AAPLPriceKit" */ = {
			isa = XCConfigurationList;
			buildConfigurations = (
				71E86FBE1ADF13A900BD0E47 /* Debug */,
				71E86FBF1ADF13A900BD0E47 /* Release */,
			);
			defaultConfigurationIsVisible = 0;
			defaultConfigurationName = Release;
		};
		71E86FC01ADF13A900BD0E47 /* Build configuration list for PBXNativeTarget "AAPLPriceKitTests" */ = {
			isa = XCConfigurationList;
			buildConfigurations = (
				71E86FC11ADF13A900BD0E47 /* Debug */,
				71E86FC21ADF13A900BD0E47 /* Release */,
			);
			defaultConfigurationIsVisible = 0;
			defaultConfigurationName = Release;
		};
/* End XCConfigurationList section */
	};
	rootObject = 71E86F9E1ADF13A800BD0E47 /* Project object */;
}
